
Microsoft Visual Studio Solution File, Format Version 12.00
# Visual Studio 14
VisualStudioVersion = 14.0.25420.1
MinimumVisualStudioVersion = 10.0.40219.1
Project("{FAE04EC0-301F-11D3-BF4B-00C04F79EFBC}") = "MonopolyClasses", "MonopolyClasses\MonopolyClasses.csproj", "{DD5FADD6-A5DA-47C7-A2B0-7F7CCFFA0FAA}"
EndProject
Global
	GlobalSection(SolutionConfigurationPlatforms) = preSolution
		Debug|Any CPU = Debug|Any CPU
		Release|Any CPU = Release|Any CPU
	EndGlobalSection
	GlobalSection(ProjectConfigurationPlatforms) = postSolution
		{DD5FADD6-A5DA-47C7-A2B0-7F7CCFFA0FAA}.Debug|Any CPU.ActiveCfg = Debug|Any CPU
		{DD5FADD6-A5DA-47C7-A2B0-7F7CCFFA0FAA}.Debug|Any CPU.Build.0 = Debug|Any CPU
		{DD5FADD6-A5DA-47C7-A2B0-7F7CCFFA0FAA}.Release|Any CPU.ActiveCfg = Release|Any CPU
		{DD5FADD6-A5DA-47C7-A2B0-7F7CCFFA0FAA}.Release|Any CPU.Build.0 = Release|Any CPU
	EndGlobalSection
	GlobalSection(SolutionProperties) = preSolution
		HideSolutionNode = FALSE
	EndGlobalSection
EndGlobal
